
Microsoft Visual Studio Solution File, Format Version 12.00
# Visual Studio Version 17
VisualStudioVersion = 17.8.34511.84
MinimumVisualStudioVersion = 10.0.40219.1
Project("{8BC9CEB8-8B4A-11D0-8D11-00A0C91BC942}") = "OOP_DZ_19_Dedok", "OOP_DZ_19_Dedok.vcxproj", "{A8BAC884-CDC7-48D1-B3DF-02F4CC71EC1F}"
EndProject
Global
	GlobalSection(SolutionConfigurationPlatforms) = preSolution
		Debug|x64 = Debug|x64
		Debug|x86 = Debug|x86
		Release|x64 = Release|x64
		Release|x86 = Release|x86
	EndGlobalSection
	GlobalSection(ProjectConfigurationPlatforms) = postSolution
		{A8BAC884-CDC7-48D1-B3DF-02F4CC71EC1F}.Debug|x64.ActiveCfg = Debug|x64
		{A8BAC884-CDC7-48D1-B3DF-02F4CC71EC1F}.Debug|x64.Build.0 = Debug|x64
		{A8BAC884-CDC7-48D1-B3DF-02F4CC71EC1F}.Debug|x86.ActiveCfg = Debug|Win32
		{A8BAC884-CDC7-48D1-B3DF-02F4CC71EC1F}.Debug|x86.Build.0 = Debug|Win32
		{A8BAC884-CDC7-48D1-B3DF-02F4CC71EC1F}.Release|x64.ActiveCfg = Release|x64
		{A8BAC884-CDC7-48D1-B3DF-02F4CC71EC1F}.Release|x64.Build.0 = Release|x64
		{A8BAC884-CDC7-48D1-B3DF-02F4CC71EC1F}.Release|x86.ActiveCfg = Release|Win32
		{A8BAC884-CDC7-48D1-B3DF-02F4CC71EC1F}.Release|x86.Build.0 = Release|Win32
	EndGlobalSection
	GlobalSection(SolutionProperties) = preSolution
		HideSolutionNode = FALSE
	EndGlobalSection
	GlobalSection(ExtensibilityGlobals) = postSolution
		SolutionGuid = {403DC026-CCDF-4CE2-8036-39AC73922486}
	EndGlobalSection
EndGlobal
